
Microsoft Visual Studio Solution File, Format Version 12.00
# Visual Studio Version 17
VisualStudioVersion = 17.10.35013.160
MinimumVisualStudioVersion = 10.0.40219.1
Project("{FAE04EC0-301F-11D3-BF4B-00C04F79EFBC}") = "learningapp", "learningapp.csproj", "{8E570B02-8945-4CC6-B8F5-488BC35C14F0}"
EndProject
Global
	GlobalSection(SolutionConfigurationPlatforms) = preSolution
		Debug|Any CPU = Debug|Any CPU
		Release|Any CPU = Release|Any CPU
	EndGlobalSection
	GlobalSection(ProjectConfigurationPlatforms) = postSolution
		{8E570B02-8945-4CC6-B8F5-488BC35C14F0}.Debug|Any CPU.ActiveCfg = Debug|Any CPU
		{8E570B02-8945-4CC6-B8F5-488BC35C14F0}.Debug|Any CPU.Build.0 = Debug|Any CPU
		{8E570B02-8945-4CC6-B8F5-488BC35C14F0}.Release|Any CPU.ActiveCfg = Release|Any CPU
		{8E570B02-8945-4CC6-B8F5-488BC35C14F0}.Release|Any CPU.Build.0 = Release|Any CPU
	EndGlobalSection
	GlobalSection(SolutionProperties) = preSolution
		HideSolutionNode = FALSE
	EndGlobalSection
	GlobalSection(ExtensibilityGlobals) = postSolution
		SolutionGuid = {E0A0C5D9-0066-4B7A-8F25-C85F9FAC72AC}
	EndGlobalSection
EndGlobal
